{
  "name": "client-for-raspberry-pi",
  "version": "1.0.0",
  "lockfileVersion": 2,
  "requires": true,
  "packages": {
    "": {
      "version": "1.0.0",
      "license": "ISC",
      "dependencies": {
        "pi-camera-connect": "^0.3.4"
      }
    },
    "node_modules/pi-camera-connect": {
      "version": "0.3.4",
      "resolved": "https://registry.npmjs.org/pi-camera-connect/-/pi-camera-connect-0.3.4.tgz",
      "integrity": "sha512-0mVOJXYY8CvAuswWXs3OnL2+pOczjuLGHca+Q479mbOC+eS6wjMameTA66B0q5KVtTAB6YplS7/Q4rieojGEVg=="
    }
  },
  "dependencies": {
    "pi-camera-connect": {
      "version": "0.3.4",
      "resolved": "https://registry.npmjs.org/pi-camera-connect/-/pi-camera-connect-0.3.4.tgz",
      "integrity": "sha512-0mVOJXYY8CvAuswWXs3OnL2+pOczjuLGHca+Q479mbOC+eS6wjMameTA66B0q5KVtTAB6YplS7/Q4rieojGEVg=="
    }
  }
}
